{
    "_readme": [
        "This file locks the dependencies of your project to a known state",
        "Read more about it at https://getcomposer.org/doc/01-basic-usage.md#installing-dependencies",
        "This file is @generated automatically"
    ],
    "content-hash": "06a843ea0c2454ee79da5f1d7dde5727",
    "packages": [
        {
            "name": "arts/elementor-extension",
            "version": "dev-master",
            "dist": {
                "type": "path",
                "url": "/Users/art/Projects/Framework/packages/ArtsElementorExtension",
                "reference": "8af067b472340b75c9934df37ccb3f9e17a64ed6"
            },
            "require": {
                "arts/utilities": "@dev",
                "php": ">=7.4"
            },
            "require-dev": {
                "brain/monkey": "^2.6",
                "phpunit/phpunit": "^9.6",
                "yoast/phpunit-polyfills": "^4.0"
            },
            "type": "library",
            "autoload": {
                "psr-4": {
                    "Arts\\ElementorExtension\\": "src/php/"
                }
            },
            "license": [
                "MIT"
            ],
            "authors": [
                {
                    "name": "Artem Semkin",
                    "email": "me@artemsemkin.com"
                }
            ],
            "description": "WordPress library",
            "transport-options": {
                "symlink": true,
                "relative": false
            }
        },
        {
            "name": "arts/utilities",
            "version": "dev-master",
            "dist": {
                "type": "path",
                "url": "/Users/art/Projects/Framework/packages/ArtsUtilities",
                "reference": "c3c3faa67f3bd77fe3a1ff3d8f60de0b05581bc8"
            },
            "require": {
                "php": ">=7.2"
            },
            "require-dev": {
                "antecedent/patchwork": "^2.1",
                "brain/monkey": "^2.6",
                "phpunit/phpunit": "^9.6",
                "yoast/phpunit-polyfills": "^4.0"
            },
            "type": "library",
            "autoload": {
                "psr-4": {
                    "Arts\\Utilities\\": "src/php/"
                }
            },
            "autoload-dev": {
                "psr-4": {
                    "Tests\\": "__tests__/php/"
                }
            },
            "license": [
                "MIT"
            ],
            "authors": [
                {
                    "name": "Artem Semkin",
                    "email": "me@artemsemkin.com"
                }
            ],
            "description": "A comprehensive collection of utility methods for WordPress theme and plugin development, with a focus on Elementor integration.",
            "transport-options": {
                "symlink": true,
                "relative": false
            }
        }
    ],
    "packages-dev": [],
    "aliases": [],
    "minimum-stability": "stable",
    "stability-flags": {
        "arts/utilities": 20,
        "arts/elementor-extension": 20
    },
    "prefer-stable": false,
    "prefer-lowest": false,
    "platform": [],
    "platform-dev": [],
    "plugin-api-version": "2.6.0"
}
